
Microsoft Visual Studio Solution File, Format Version 12.00
# Visual Studio 15
VisualStudioVersion = 15.0.27703.2035
MinimumVisualStudioVersion = 10.0.40219.1
Project("{8BC9CEB8-8B4A-11D0-8D11-00A0C91BC942}") = "HighLowSeven", "HighLowSeven\HighLowSeven.vcxproj", "{AEA922DF-9785-44B7-8E77-C05AC8B6B445}"
EndProject
Global
	GlobalSection(SolutionConfigurationPlatforms) = preSolution
		Debug|x64 = Debug|x64
		Debug|x86 = Debug|x86
		Release|x64 = Release|x64
		Release|x86 = Release|x86
	EndGlobalSection
	GlobalSection(ProjectConfigurationPlatforms) = postSolution
		{AEA922DF-9785-44B7-8E77-C05AC8B6B445}.Debug|x64.ActiveCfg = Debug|x64
		{AEA922DF-9785-44B7-8E77-C05AC8B6B445}.Debug|x64.Build.0 = Debug|x64
		{AEA922DF-9785-44B7-8E77-C05AC8B6B445}.Debug|x86.ActiveCfg = Debug|Win32
		{AEA922DF-9785-44B7-8E77-C05AC8B6B445}.Debug|x86.Build.0 = Debug|Win32
		{AEA922DF-9785-44B7-8E77-C05AC8B6B445}.Release|x64.ActiveCfg = Release|x64
		{AEA922DF-9785-44B7-8E77-C05AC8B6B445}.Release|x64.Build.0 = Release|x64
		{AEA922DF-9785-44B7-8E77-C05AC8B6B445}.Release|x86.ActiveCfg = Release|Win32
		{AEA922DF-9785-44B7-8E77-C05AC8B6B445}.Release|x86.Build.0 = Release|Win32
	EndGlobalSection
	GlobalSection(SolutionProperties) = preSolution
		HideSolutionNode = FALSE
	EndGlobalSection
	GlobalSection(ExtensibilityGlobals) = postSolution
		SolutionGuid = {316CB887-7BC7-46C6-9EAC-8A8EF0177CB9}
	EndGlobalSection
EndGlobal
