
Microsoft Visual Studio Solution File, Format Version 12.00
# Visual Studio 15
VisualStudioVersion = 15.0.27703.2035
MinimumVisualStudioVersion = 10.0.40219.1
Project("{8BC9CEB8-8B4A-11D0-8D11-00A0C91BC942}") = "ConsoleApplication4", "ConsoleApplication4\ConsoleApplication4.vcxproj", "{32AE93F2-5B8A-49DD-8CDC-8D07E5D344BA}"
EndProject
Global
	GlobalSection(SolutionConfigurationPlatforms) = preSolution
		Debug|x64 = Debug|x64
		Debug|x86 = Debug|x86
		Release|x64 = Release|x64
		Release|x86 = Release|x86
	EndGlobalSection
	GlobalSection(ProjectConfigurationPlatforms) = postSolution
		{32AE93F2-5B8A-49DD-8CDC-8D07E5D344BA}.Debug|x64.ActiveCfg = Debug|x64
		{32AE93F2-5B8A-49DD-8CDC-8D07E5D344BA}.Debug|x64.Build.0 = Debug|x64
		{32AE93F2-5B8A-49DD-8CDC-8D07E5D344BA}.Debug|x86.ActiveCfg = Debug|Win32
		{32AE93F2-5B8A-49DD-8CDC-8D07E5D344BA}.Debug|x86.Build.0 = Debug|Win32
		{32AE93F2-5B8A-49DD-8CDC-8D07E5D344BA}.Release|x64.ActiveCfg = Release|x64
		{32AE93F2-5B8A-49DD-8CDC-8D07E5D344BA}.Release|x64.Build.0 = Release|x64
		{32AE93F2-5B8A-49DD-8CDC-8D07E5D344BA}.Release|x86.ActiveCfg = Release|Win32
		{32AE93F2-5B8A-49DD-8CDC-8D07E5D344BA}.Release|x86.Build.0 = Release|Win32
	EndGlobalSection
	GlobalSection(SolutionProperties) = preSolution
		HideSolutionNode = FALSE
	EndGlobalSection
	GlobalSection(ExtensibilityGlobals) = postSolution
		SolutionGuid = {11BE11A9-2696-4DCF-9952-2B05A04A9589}
	EndGlobalSection
EndGlobal
