
Microsoft Visual Studio Solution File, Format Version 12.00
# Visual Studio 15
VisualStudioVersion = 15.0.27703.2035
MinimumVisualStudioVersion = 10.0.40219.1
Project("{8BC9CEB8-8B4A-11D0-8D11-00A0C91BC942}") = "Inventory", "Inventory\Inventory.vcxproj", "{3012E984-2AB6-4B94-BF83-62B99BF80804}"
EndProject
Global
	GlobalSection(SolutionConfigurationPlatforms) = preSolution
		Debug|x64 = Debug|x64
		Debug|x86 = Debug|x86
		Release|x64 = Release|x64
		Release|x86 = Release|x86
	EndGlobalSection
	GlobalSection(ProjectConfigurationPlatforms) = postSolution
		{3012E984-2AB6-4B94-BF83-62B99BF80804}.Debug|x64.ActiveCfg = Debug|x64
		{3012E984-2AB6-4B94-BF83-62B99BF80804}.Debug|x64.Build.0 = Debug|x64
		{3012E984-2AB6-4B94-BF83-62B99BF80804}.Debug|x86.ActiveCfg = Debug|Win32
		{3012E984-2AB6-4B94-BF83-62B99BF80804}.Debug|x86.Build.0 = Debug|Win32
		{3012E984-2AB6-4B94-BF83-62B99BF80804}.Release|x64.ActiveCfg = Release|x64
		{3012E984-2AB6-4B94-BF83-62B99BF80804}.Release|x64.Build.0 = Release|x64
		{3012E984-2AB6-4B94-BF83-62B99BF80804}.Release|x86.ActiveCfg = Release|Win32
		{3012E984-2AB6-4B94-BF83-62B99BF80804}.Release|x86.Build.0 = Release|Win32
	EndGlobalSection
	GlobalSection(SolutionProperties) = preSolution
		HideSolutionNode = FALSE
	EndGlobalSection
	GlobalSection(ExtensibilityGlobals) = postSolution
		SolutionGuid = {E1526497-88B1-4217-B2B1-D907DFD81DC2}
	EndGlobalSection
EndGlobal
